
Microsoft Visual Studio Solution File, Format Version 12.00
# Visual Studio Version 17
VisualStudioVersion = 17.3.32825.248
MinimumVisualStudioVersion = 10.0.40219.1
Project("{888888A0-9F3D-457C-B088-3A5042F75D52}") = "GetFilesInVPN", "GetFilesInVPN\GetFilesInVPN.pyproj", "{C60AFE27-60A4-4435-8728-1DDBB02488FA}"
EndProject
Global
	GlobalSection(SolutionConfigurationPlatforms) = preSolution
		Debug|Any CPU = Debug|Any CPU
		Release|Any CPU = Release|Any CPU
	EndGlobalSection
	GlobalSection(ProjectConfigurationPlatforms) = postSolution
		{C60AFE27-60A4-4435-8728-1DDBB02488FA}.Debug|Any CPU.ActiveCfg = Debug|Any CPU
		{C60AFE27-60A4-4435-8728-1DDBB02488FA}.Release|Any CPU.ActiveCfg = Release|Any CPU
	EndGlobalSection
	GlobalSection(SolutionProperties) = preSolution
		HideSolutionNode = FALSE
	EndGlobalSection
	GlobalSection(ExtensibilityGlobals) = postSolution
		SolutionGuid = {F8931C47-047D-442B-8621-57217E60317F}
	EndGlobalSection
EndGlobal
